
Microsoft Visual Studio Solution File, Format Version 12.00
# Blend for Visual Studio 15
VisualStudioVersion = 15.0.27130.2036
MinimumVisualStudioVersion = 10.0.40219.1
Project("{FAE04EC0-301F-11D3-BF4B-00C04F79EFBC}") = "WpfApp1", "WpfApp1\WpfApp1.csproj", "{260FA77E-9B36-46E8-AF4F-A057D71ABD63}"
EndProject
Global
	GlobalSection(SolutionConfigurationPlatforms) = preSolution
		Debug|Any CPU = Debug|Any CPU
		Release|Any CPU = Release|Any CPU
	EndGlobalSection
	GlobalSection(ProjectConfigurationPlatforms) = postSolution
		{260FA77E-9B36-46E8-AF4F-A057D71ABD63}.Debug|Any CPU.ActiveCfg = Debug|Any CPU
		{260FA77E-9B36-46E8-AF4F-A057D71ABD63}.Debug|Any CPU.Build.0 = Debug|Any CPU
		{260FA77E-9B36-46E8-AF4F-A057D71ABD63}.Release|Any CPU.ActiveCfg = Release|Any CPU
		{260FA77E-9B36-46E8-AF4F-A057D71ABD63}.Release|Any CPU.Build.0 = Release|Any CPU
	EndGlobalSection
	GlobalSection(SolutionProperties) = preSolution
		HideSolutionNode = FALSE
	EndGlobalSection
	GlobalSection(ExtensibilityGlobals) = postSolution
		SolutionGuid = {D658E70F-D969-4366-9882-319C8F371D0B}
	EndGlobalSection
EndGlobal
